// !$*UTF8*$!
{
	archiveVersion = 1;
	classes = {
	};
	objectVersion = 55;
	objects = {

/* Begin PBXBuildFile section */
		840AA58C283FB91F000FB75E /* Profile.swift in Sources */ = {isa = PBXBuildFile; fileRef = 840AA58B283FB91F000FB75E /* Profile.swift */; };
		840BC43D28420CA500AC1CE8 /* Life.swift in Sources */ = {isa = PBXBuildFile; fileRef = 840BC43C28420CA500AC1CE8 /* Life.swift */; };
		840BC44128420CE000AC1CE8 /* Welcome.swift in Sources */ = {isa = PBXBuildFile; fileRef = 840BC44028420CE000AC1CE8 /* Welcome.swift */; };
		840BC44328420D0100AC1CE8 /* LifeCalendar.swift in Sources */ = {isa = PBXBuildFile; fileRef = 840BC44228420D0100AC1CE8 /* LifeCalendar.swift */; };
		84401998284B9C450090926D /* Home.swift in Sources */ = {isa = PBXBuildFile; fileRef = 84401997284B9C450090926D /* Home.swift */; };
		845556792844A5710062CD5F /* UserProfile.swift in Sources */ = {isa = PBXBuildFile; fileRef = 845556782844A5710062CD5F /* UserProfile.swift */; };
		847685BC2849EE8D0058A2F9 /* LifeProgressWidgetEntryView.swift in Sources */ = {isa = PBXBuildFile; fileRef = 847685BB2849EE8D0058A2F9 /* LifeProgressWidgetEntryView.swift */; };
		848EEB5E2844A6BA00B5AD78 /* Defaults in Frameworks */ = {isa = PBXBuildFile; productRef = 848EEB5D2844A6BA00B5AD78 /* Defaults */; };
		8499BDAA2846520B005A31D5 /* WidgetKit.framework in Frameworks */ = {isa = PBXBuildFile; fileRef = 8455565E28449DDB0062CD5F /* WidgetKit.framework */; };
		8499BDAB2846520B005A31D5 /* SwiftUI.framework in Frameworks */ = {isa = PBXBuildFile; fileRef = 8455566028449DDB0062CD5F /* SwiftUI.framework */; };
		8499BDAE2846520B005A31D5 /* LifeProgressWidget.swift in Sources */ = {isa = PBXBuildFile; fileRef = 8499BDAD2846520B005A31D5 /* LifeProgressWidget.swift */; };
		8499BDB02846520C005A31D5 /* Assets.xcassets in Resources */ = {isa = PBXBuildFile; fileRef = 8499BDAF2846520C005A31D5 /* Assets.xcassets */; };
		8499BDB42846520C005A31D5 /* LifeProgressWidgetExtension.appex in Embed App Extensions */ = {isa = PBXBuildFile; fileRef = 8499BDA92846520B005A31D5 /* LifeProgressWidgetExtension.appex */; settings = {ATTRIBUTES = (RemoveHeadersOnCopy, ); }; };
		8499BDB9284652B5005A31D5 /* Life.swift in Sources */ = {isa = PBXBuildFile; fileRef = 840BC43C28420CA500AC1CE8 /* Life.swift */; };
		8499BDBA284652BE005A31D5 /* UserProfile.swift in Sources */ = {isa = PBXBuildFile; fileRef = 845556782844A5710062CD5F /* UserProfile.swift */; };
		8499BDBD284652DF005A31D5 /* LifeProgressView.swift in Sources */ = {isa = PBXBuildFile; fileRef = 8499BDBB284652D4005A31D5 /* LifeProgressView.swift */; };
		8499BDBF28465352005A31D5 /* Defaults in Frameworks */ = {isa = PBXBuildFile; productRef = 8499BDBE28465352005A31D5 /* Defaults */; };
		84A0235B2847A915007770ED /* AgeGroup.swift in Sources */ = {isa = PBXBuildFile; fileRef = 84A0235A2847A915007770ED /* AgeGroup.swift */; };
		84A9314A284857BF00BE1D0D /* AgeGroup.swift in Sources */ = {isa = PBXBuildFile; fileRef = 84A0235A2847A915007770ED /* AgeGroup.swift */; };
		84B25468283BBDC200CD542E /* LifeProgressApp.swift in Sources */ = {isa = PBXBuildFile; fileRef = 84B25467283BBDC200CD542E /* LifeProgressApp.swift */; };
		84B2546A283BBDC200CD542E /* ContentView.swift in Sources */ = {isa = PBXBuildFile; fileRef = 84B25469283BBDC200CD542E /* ContentView.swift */; };
		84B2546C283BBDC300CD542E /* Assets.xcassets in Resources */ = {isa = PBXBuildFile; fileRef = 84B2546B283BBDC300CD542E /* Assets.xcassets */; };
		84B2546F283BBDC300CD542E /* Preview Assets.xcassets in Resources */ = {isa = PBXBuildFile; fileRef = 84B2546E283BBDC300CD542E /* Preview Assets.xcassets */; };
		84F5020A2844686C00FFD597 /* Defaults in Frameworks */ = {isa = PBXBuildFile; productRef = 84F502092844686C00FFD597 /* Defaults */; };
/* End PBXBuildFile section */

/* Begin PBXContainerItemProxy section */
		8499BDB22846520C005A31D5 /* PBXContainerItemProxy */ = {
			isa = PBXContainerItemProxy;
			containerPortal = 84B2545C283BBDC200CD542E /* Project object */;
			proxyType = 1;
			remoteGlobalIDString = 8499BDA82846520B005A31D5;
			remoteInfo = LifeProgressWidgetExtension;
		};
/* End PBXContainerItemProxy section */

/* Begin PBXCopyFilesBuildPhase section */
		8455566E28449DDD0062CD5F /* Embed App Extensions */ = {
			isa = PBXCopyFilesBuildPhase;
			buildActionMask = 2147483647;
			dstPath = "";
			dstSubfolderSpec = 13;
			files = (
				8499BDB42846520C005A31D5 /* LifeProgressWidgetExtension.appex in Embed App Extensions */,
			);
			name = "Embed App Extensions";
			runOnlyForDeploymentPostprocessing = 0;
		};
/* End PBXCopyFilesBuildPhase section */

/* Begin PBXFileReference section */
		840AA58B283FB91F000FB75E /* Profile.swift */ = {isa = PBXFileReference; lastKnownFileType = sourcecode.swift; path = Profile.swift; sourceTree = "<group>"; };
		840BC43C28420CA500AC1CE8 /* Life.swift */ = {isa = PBXFileReference; lastKnownFileType = sourcecode.swift; path = Life.swift; sourceTree = "<group>"; };
		840BC44028420CE000AC1CE8 /* Welcome.swift */ = {isa = PBXFileReference; lastKnownFileType = sourcecode.swift; path = Welcome.swift; sourceTree = "<group>"; };
		840BC44228420D0100AC1CE8 /* LifeCalendar.swift */ = {isa = PBXFileReference; lastKnownFileType = sourcecode.swift; path = LifeCalendar.swift; sourceTree = "<group>"; };
		84401997284B9C450090926D /* Home.swift */ = {isa = PBXFileReference; lastKnownFileType = sourcecode.swift; path = Home.swift; sourceTree = "<group>"; };
		8455565E28449DDB0062CD5F /* WidgetKit.framework */ = {isa = PBXFileReference; lastKnownFileType = wrapper.framework; name = WidgetKit.framework; path = System/Library/Frameworks/WidgetKit.framework; sourceTree = SDKROOT; };
		8455566028449DDB0062CD5F /* SwiftUI.framework */ = {isa = PBXFileReference; lastKnownFileType = wrapper.framework; name = SwiftUI.framework; path = System/Library/Frameworks/SwiftUI.framework; sourceTree = SDKROOT; };
		845556762844A0540062CD5F /* LifeProgress.entitlements */ = {isa = PBXFileReference; lastKnownFileType = text.plist.entitlements; path = LifeProgress.entitlements; sourceTree = "<group>"; };
		845556782844A5710062CD5F /* UserProfile.swift */ = {isa = PBXFileReference; lastKnownFileType = sourcecode.swift; path = UserProfile.swift; sourceTree = "<group>"; };
		847685BB2849EE8D0058A2F9 /* LifeProgressWidgetEntryView.swift */ = {isa = PBXFileReference; lastKnownFileType = sourcecode.swift; path = LifeProgressWidgetEntryView.swift; sourceTree = "<group>"; };
		8499BDA92846520B005A31D5 /* LifeProgressWidgetExtension.appex */ = {isa = PBXFileReference; explicitFileType = "wrapper.app-extension"; includeInIndex = 0; path = LifeProgressWidgetExtension.appex; sourceTree = BUILT_PRODUCTS_DIR; };
		8499BDAD2846520B005A31D5 /* LifeProgressWidget.swift */ = {isa = PBXFileReference; lastKnownFileType = sourcecode.swift; path = LifeProgressWidget.swift; sourceTree = "<group>"; };
		8499BDAF2846520C005A31D5 /* Assets.xcassets */ = {isa = PBXFileReference; lastKnownFileType = folder.assetcatalog; path = Assets.xcassets; sourceTree = "<group>"; };
		8499BDB12846520C005A31D5 /* Info.plist */ = {isa = PBXFileReference; lastKnownFileType = text.plist.xml; path = Info.plist; sourceTree = "<group>"; };
		8499BDB8284652A2005A31D5 /* LifeProgressWidgetExtension.entitlements */ = {isa = PBXFileReference; lastKnownFileType = text.plist.entitlements; path = LifeProgressWidgetExtension.entitlements; sourceTree = "<group>"; };
		8499BDBB284652D4005A31D5 /* LifeProgressView.swift */ = {isa = PBXFileReference; lastKnownFileType = sourcecode.swift; path = LifeProgressView.swift; sourceTree = "<group>"; };
		84A0235A2847A915007770ED /* AgeGroup.swift */ = {isa = PBXFileReference; lastKnownFileType = sourcecode.swift; path = AgeGroup.swift; sourceTree = "<group>"; };
		84B25464283BBDC200CD542E /* LifeProgress.app */ = {isa = PBXFileReference; explicitFileType = wrapper.application; includeInIndex = 0; path = LifeProgress.app; sourceTree = BUILT_PRODUCTS_DIR; };
		84B25467283BBDC200CD542E /* LifeProgressApp.swift */ = {isa = PBXFileReference; lastKnownFileType = sourcecode.swift; path = LifeProgressApp.swift; sourceTree = "<group>"; };
		84B25469283BBDC200CD542E /* ContentView.swift */ = {isa = PBXFileReference; lastKnownFileType = sourcecode.swift; path = ContentView.swift; sourceTree = "<group>"; };
		84B2546B283BBDC300CD542E /* Assets.xcassets */ = {isa = PBXFileReference; lastKnownFileType = folder.assetcatalog; path = Assets.xcassets; sourceTree = "<group>"; };
		84B2546E283BBDC300CD542E /* Preview Assets.xcassets */ = {isa = PBXFileReference; lastKnownFileType = folder.assetcatalog; path = "Preview Assets.xcassets"; sourceTree = "<group>"; };
/* End PBXFileReference section */

/* Begin PBXFrameworksBuildPhase section */
		8499BDA62846520B005A31D5 /* Frameworks */ = {
			isa = PBXFrameworksBuildPhase;
			buildActionMask = 2147483647;
			files = (
				8499BDBF28465352005A31D5 /* Defaults in Frameworks */,
				8499BDAB2846520B005A31D5 /* SwiftUI.framework in Frameworks */,
				8499BDAA2846520B005A31D5 /* WidgetKit.framework in Frameworks */,
			);
			runOnlyForDeploymentPostprocessing = 0;
		};
		84B25461283BBDC200CD542E /* Frameworks */ = {
			isa = PBXFrameworksBuildPhase;
			buildActionMask = 2147483647;
			files = (
				848EEB5E2844A6BA00B5AD78 /* Defaults in Frameworks */,
				84F5020A2844686C00FFD597 /* Defaults in Frameworks */,
			);
			runOnlyForDeploymentPostprocessing = 0;
		};
/* End PBXFrameworksBuildPhase section */

/* Begin PBXGroup section */
		8455565D28449DDB0062CD5F /* Frameworks */ = {
			isa = PBXGroup;
			children = (
				8455565E28449DDB0062CD5F /* WidgetKit.framework */,
				8455566028449DDB0062CD5F /* SwiftUI.framework */,
			);
			name = Frameworks;
			sourceTree = "<group>";
		};
		8499BDAC2846520B005A31D5 /* LifeProgressWidget */ = {
			isa = PBXGroup;
			children = (
				8499BDB8284652A2005A31D5 /* LifeProgressWidgetExtension.entitlements */,
				8499BDBB284652D4005A31D5 /* LifeProgressView.swift */,
				8499BDAD2846520B005A31D5 /* LifeProgressWidget.swift */,
				847685BB2849EE8D0058A2F9 /* LifeProgressWidgetEntryView.swift */,
				8499BDAF2846520C005A31D5 /* Assets.xcassets */,
				8499BDB12846520C005A31D5 /* Info.plist */,
			);
			path = LifeProgressWidget;
			sourceTree = "<group>";
		};
		84B2545B283BBDC200CD542E = {
			isa = PBXGroup;
			children = (
				84B25466283BBDC200CD542E /* LifeProgress */,
				8499BDAC2846520B005A31D5 /* LifeProgressWidget */,
				8455565D28449DDB0062CD5F /* Frameworks */,
				84B25465283BBDC200CD542E /* Products */,
			);
			sourceTree = "<group>";
		};
		84B25465283BBDC200CD542E /* Products */ = {
			isa = PBXGroup;
			children = (
				84B25464283BBDC200CD542E /* LifeProgress.app */,
				8499BDA92846520B005A31D5 /* LifeProgressWidgetExtension.appex */,
			);
			name = Products;
			sourceTree = "<group>";
		};
		84B25466283BBDC200CD542E /* LifeProgress */ = {
			isa = PBXGroup;
			children = (
				845556762844A0540062CD5F /* LifeProgress.entitlements */,
				84B25467283BBDC200CD542E /* LifeProgressApp.swift */,
				84B25469283BBDC200CD542E /* ContentView.swift */,
				840BC44228420D0100AC1CE8 /* LifeCalendar.swift */,
				840BC44028420CE000AC1CE8 /* Welcome.swift */,
				840BC43C28420CA500AC1CE8 /* Life.swift */,
				840AA58B283FB91F000FB75E /* Profile.swift */,
				845556782844A5710062CD5F /* UserProfile.swift */,
				84A0235A2847A915007770ED /* AgeGroup.swift */,
				84401997284B9C450090926D /* Home.swift */,
				84B2546B283BBDC300CD542E /* Assets.xcassets */,
				84B2546D283BBDC300CD542E /* Preview Content */,
			);
			path = LifeProgress;
			sourceTree = "<group>";
		};
		84B2546D283BBDC300CD542E /* Preview Content */ = {
			isa = PBXGroup;
			children = (
				84B2546E283BBDC300CD542E /* Preview Assets.xcassets */,
			);
			path = "Preview Content";
			sourceTree = "<group>";
		};
/* End PBXGroup section */

/* Begin PBXNativeTarget section */
		8499BDA82846520B005A31D5 /* LifeProgressWidgetExtension */ = {
			isa = PBXNativeTarget;
			buildConfigurationList = 8499BDB72846520C005A31D5 /* Build configuration list for PBXNativeTarget "LifeProgressWidgetExtension" */;
			buildPhases = (
				8499BDA52846520B005A31D5 /* Sources */,
				8499BDA62846520B005A31D5 /* Frameworks */,
				8499BDA72846520B005A31D5 /* Resources */,
			);
			buildRules = (
			);
			dependencies = (
			);
			name = LifeProgressWidgetExtension;
			packageProductDependencies = (
				8499BDBE28465352005A31D5 /* Defaults */,
			);
			productName = LifeProgressWidgetExtension;
			productReference = 8499BDA92846520B005A31D5 /* LifeProgressWidgetExtension.appex */;
			productType = "com.apple.product-type.app-extension";
		};
		84B25463283BBDC200CD542E /* LifeProgress */ = {
			isa = PBXNativeTarget;
			buildConfigurationList = 84B25472283BBDC300CD542E /* Build configuration list for PBXNativeTarget "LifeProgress" */;
			buildPhases = (
				84B25460283BBDC200CD542E /* Sources */,
				84B25461283BBDC200CD542E /* Frameworks */,
				84B25462283BBDC200CD542E /* Resources */,
				8455566E28449DDD0062CD5F /* Embed App Extensions */,
			);
			buildRules = (
			);
			dependencies = (
				8499BDB32846520C005A31D5 /* PBXTargetDependency */,
			);
			name = LifeProgress;
			packageProductDependencies = (
				84F502092844686C00FFD597 /* Defaults */,
				848EEB5D2844A6BA00B5AD78 /* Defaults */,
			);
			productName = LifeProgress;
			productReference = 84B25464283BBDC200CD542E /* LifeProgress.app */;
			productType = "com.apple.product-type.application";
		};
/* End PBXNativeTarget section */

/* Begin PBXProject section */
		84B2545C283BBDC200CD542E /* Project object */ = {
			isa = PBXProject;
			attributes = {
				BuildIndependentTargetsInParallel = 1;
				LastSwiftUpdateCheck = 1340;
				LastUpgradeCheck = 1340;
				TargetAttributes = {
					8499BDA82846520B005A31D5 = {
						CreatedOnToolsVersion = 13.4;
					};
					84B25463283BBDC200CD542E = {
						CreatedOnToolsVersion = 13.4;
					};
				};
			};
			buildConfigurationList = 84B2545F283BBDC200CD542E /* Build configuration list for PBXProject "LifeProgress" */;
			compatibilityVersion = "Xcode 13.0";
			developmentRegion = en;
			hasScannedForEncodings = 0;
			knownRegions = (
				en,
				Base,
			);
			mainGroup = 84B2545B283BBDC200CD542E;
			packageReferences = (
				84F502082844686C00FFD597 /* XCRemoteSwiftPackageReference "Defaults" */,
			);
			productRefGroup = 84B25465283BBDC200CD542E /* Products */;
			projectDirPath = "";
			projectRoot = "";
			targets = (
				84B25463283BBDC200CD542E /* LifeProgress */,
				8499BDA82846520B005A31D5 /* LifeProgressWidgetExtension */,
			);
		};
/* End PBXProject section */

/* Begin PBXResourcesBuildPhase section */
		8499BDA72846520B005A31D5 /* Resources */ = {
			isa = PBXResourcesBuildPhase;
			buildActionMask = 2147483647;
			files = (
				8499BDB02846520C005A31D5 /* Assets.xcassets in Resources */,
			);
			runOnlyForDeploymentPostprocessing = 0;
		};
		84B25462283BBDC200CD542E /* Resources */ = {
			isa = PBXResourcesBuildPhase;
			buildActionMask = 2147483647;
			files = (
				84B2546F283BBDC300CD542E /* Preview Assets.xcassets in Resources */,
				84B2546C283BBDC300CD542E /* Assets.xcassets in Resources */,
			);
			runOnlyForDeploymentPostprocessing = 0;
		};
/* End PBXResourcesBuildPhase section */

/* Begin PBXSourcesBuildPhase section */
		8499BDA52846520B005A31D5 /* Sources */ = {
			isa = PBXSourcesBuildPhase;
			buildActionMask = 2147483647;
			files = (
				84A9314A284857BF00BE1D0D /* AgeGroup.swift in Sources */,
				8499BDB9284652B5005A31D5 /* Life.swift in Sources */,
				8499BDBD284652DF005A31D5 /* LifeProgressView.swift in Sources */,
				8499BDAE2846520B005A31D5 /* LifeProgressWidget.swift in Sources */,
				8499BDBA284652BE005A31D5 /* UserProfile.swift in Sources */,
				847685BC2849EE8D0058A2F9 /* LifeProgressWidgetEntryView.swift in Sources */,
			);
			runOnlyForDeploymentPostprocessing = 0;
		};
		84B25460283BBDC200CD542E /* Sources */ = {
			isa = PBXSourcesBuildPhase;
			buildActionMask = 2147483647;
			files = (
				840BC44128420CE000AC1CE8 /* Welcome.swift in Sources */,
				840AA58C283FB91F000FB75E /* Profile.swift in Sources */,
				84B2546A283BBDC200CD542E /* ContentView.swift in Sources */,
				84A0235B2847A915007770ED /* AgeGroup.swift in Sources */,
				84401998284B9C450090926D /* Home.swift in Sources */,
				840BC44328420D0100AC1CE8 /* LifeCalendar.swift in Sources */,
				845556792844A5710062CD5F /* UserProfile.swift in Sources */,
				840BC43D28420CA500AC1CE8 /* Life.swift in Sources */,
				84B25468283BBDC200CD542E /* LifeProgressApp.swift in Sources */,
			);
			runOnlyForDeploymentPostprocessing = 0;
		};
/* End PBXSourcesBuildPhase section */

/* Begin PBXTargetDependency section */
		8499BDB32846520C005A31D5 /* PBXTargetDependency */ = {
			isa = PBXTargetDependency;
			target = 8499BDA82846520B005A31D5 /* LifeProgressWidgetExtension */;
			targetProxy = 8499BDB22846520C005A31D5 /* PBXContainerItemProxy */;
		};
/* End PBXTargetDependency section */

/* Begin XCBuildConfiguration section */
		8499BDB52846520C005A31D5 /* Debug */ = {
			isa = XCBuildConfiguration;
			buildSettings = {
				ASSETCATALOG_COMPILER_GLOBAL_ACCENT_COLOR_NAME = AccentColor;
				ASSETCATALOG_COMPILER_WIDGET_BACKGROUND_COLOR_NAME = WidgetBackground;
				CODE_SIGN_ENTITLEMENTS = LifeProgressWidget/LifeProgressWidgetExtension.entitlements;
				CODE_SIGN_STYLE = Automatic;
				CURRENT_PROJECT_VERSION = 1;
				DEVELOPMENT_TEAM = H86LB2Y5NW;
				GENERATE_INFOPLIST_FILE = YES;
				INFOPLIST_FILE = LifeProgressWidget/Info.plist;
				INFOPLIST_KEY_CFBundleDisplayName = LifeProgressWidget;
				INFOPLIST_KEY_NSHumanReadableCopyright = "";
				LD_RUNPATH_SEARCH_PATHS = (
					"$(inherited)",
					"@executable_path/Frameworks",
					"@executable_path/../../Frameworks",
				);
				MARKETING_VERSION = 1.0;
				PRODUCT_BUNDLE_IDENTIFIER = io.phaw.LifeProgress.LifeProgressWidget;
				PRODUCT_NAME = "$(TARGET_NAME)";
				SKIP_INSTALL = YES;
				SWIFT_EMIT_LOC_STRINGS = YES;
				SWIFT_VERSION = 5.0;
				TARGETED_DEVICE_FAMILY = "1,2";
			};
			name = Debug;
		};
		8499BDB62846520C005A31D5 /* Release */ = {
			isa = XCBuildConfiguration;
			buildSettings = {
				ASSETCATALOG_COMPILER_GLOBAL_ACCENT_COLOR_NAME = AccentColor;
				ASSETCATALOG_COMPILER_WIDGET_BACKGROUND_COLOR_NAME = WidgetBackground;
				CODE_SIGN_ENTITLEMENTS = LifeProgressWidget/LifeProgressWidgetExtension.entitlements;
				CODE_SIGN_STYLE = Automatic;
				CURRENT_PROJECT_VERSION = 1;
				DEVELOPMENT_TEAM = H86LB2Y5NW;
				GENERATE_INFOPLIST_FILE = YES;
				INFOPLIST_FILE = LifeProgressWidget/Info.plist;
				INFOPLIST_KEY_CFBundleDisplayName = LifeProgressWidget;
				INFOPLIST_KEY_NSHumanReadableCopyright = "";
				LD_RUNPATH_SEARCH_PATHS = (
					"$(inherited)",
					"@executable_path/Frameworks",
					"@executable_path/../../Frameworks",
				);
				MARKETING_VERSION = 1.0;
				PRODUCT_BUNDLE_IDENTIFIER = io.phaw.LifeProgress.LifeProgressWidget;
				PRODUCT_NAME = "$(TARGET_NAME)";
				SKIP_INSTALL = YES;
				SWIFT_EMIT_LOC_STRINGS = YES;
				SWIFT_VERSION = 5.0;
				TARGETED_DEVICE_FAMILY = "1,2";
			};
			name = Release;
		};
		84B25470283BBDC300CD542E /* Debug */ = {
			isa = XCBuildConfiguration;
			buildSettings = {
				ALWAYS_SEARCH_USER_PATHS = NO;
				CLANG_ANALYZER_NONNULL = YES;
				CLANG_ANALYZER_NUMBER_OBJECT_CONVERSION = YES_AGGRESSIVE;
				CLANG_CXX_LANGUAGE_STANDARD = "gnu++17";
				CLANG_ENABLE_MODULES = YES;
				CLANG_ENABLE_OBJC_ARC = YES;
				CLANG_ENABLE_OBJC_WEAK = YES;
				CLANG_WARN_BLOCK_CAPTURE_AUTORELEASING = YES;
				CLANG_WARN_BOOL_CONVERSION = YES;
				CLANG_WARN_COMMA = YES;
				CLANG_WARN_CONSTANT_CONVERSION = YES;
				CLANG_WARN_DEPRECATED_OBJC_IMPLEMENTATIONS = YES;
				CLANG_WARN_DIRECT_OBJC_ISA_USAGE = YES_ERROR;
				CLANG_WARN_DOCUMENTATION_COMMENTS = YES;
				CLANG_WARN_EMPTY_BODY = YES;
				CLANG_WARN_ENUM_CONVERSION = YES;
				CLANG_WARN_INFINITE_RECURSION = YES;
				CLANG_WARN_INT_CONVERSION = YES;
				CLANG_WARN_NON_LITERAL_NULL_CONVERSION = YES;
				CLANG_WARN_OBJC_IMPLICIT_RETAIN_SELF = YES;
				CLANG_WARN_OBJC_LITERAL_CONVERSION = YES;
				CLANG_WARN_OBJC_ROOT_CLASS = YES_ERROR;
				CLANG_WARN_QUOTED_INCLUDE_IN_FRAMEWORK_HEADER = YES;
				CLANG_WARN_RANGE_LOOP_ANALYSIS = YES;
				CLANG_WARN_STRICT_PROTOTYPES = YES;
				CLANG_WARN_SUSPICIOUS_MOVE = YES;
				CLANG_WARN_UNGUARDED_AVAILABILITY = YES_AGGRESSIVE;
				CLANG_WARN_UNREACHABLE_CODE = YES;
				CLANG_WARN__DUPLICATE_METHOD_MATCH = YES;
				COPY_PHASE_STRIP = NO;
				DEBUG_INFORMATION_FORMAT = dwarf;
				ENABLE_STRICT_OBJC_MSGSEND = YES;
				ENABLE_TESTABILITY = YES;
				GCC_C_LANGUAGE_STANDARD = gnu11;
				GCC_DYNAMIC_NO_PIC = NO;
				GCC_NO_COMMON_BLOCKS = YES;
				GCC_OPTIMIZATION_LEVEL = 0;
				GCC_PREPROCESSOR_DEFINITIONS = (
					"DEBUG=1",
					"$(inherited)",
				);
				GCC_WARN_64_TO_32_BIT_CONVERSION = YES;
				GCC_WARN_ABOUT_RETURN_TYPE = YES_ERROR;
				GCC_WARN_UNDECLARED_SELECTOR = YES;
				GCC_WARN_UNINITIALIZED_AUTOS = YES_AGGRESSIVE;
				GCC_WARN_UNUSED_FUNCTION = YES;
				GCC_WARN_UNUSED_VARIABLE = YES;
				IPHONEOS_DEPLOYMENT_TARGET = 15.5;
				MTL_ENABLE_DEBUG_INFO = INCLUDE_SOURCE;
				MTL_FAST_MATH = YES;
				ONLY_ACTIVE_ARCH = YES;
				SDKROOT = iphoneos;
				SWIFT_ACTIVE_COMPILATION_CONDITIONS = DEBUG;
				SWIFT_OPTIMIZATION_LEVEL = "-Onone";
			};
			name = Debug;
		};
		84B25471283BBDC300CD542E /* Release */ = {
			isa = XCBuildConfiguration;
			buildSettings = {
				ALWAYS_SEARCH_USER_PATHS = NO;
				CLANG_ANALYZER_NONNULL = YES;
				CLANG_ANALYZER_NUMBER_OBJECT_CONVERSION = YES_AGGRESSIVE;
				CLANG_CXX_LANGUAGE_STANDARD = "gnu++17";
				CLANG_ENABLE_MODULES = YES;
				CLANG_ENABLE_OBJC_ARC = YES;
				CLANG_ENABLE_OBJC_WEAK = YES;
				CLANG_WARN_BLOCK_CAPTURE_AUTORELEASING = YES;
				CLANG_WARN_BOOL_CONVERSION = YES;
				CLANG_WARN_COMMA = YES;
				CLANG_WARN_CONSTANT_CONVERSION = YES;
				CLANG_WARN_DEPRECATED_OBJC_IMPLEMENTATIONS = YES;
				CLANG_WARN_DIRECT_OBJC_ISA_USAGE = YES_ERROR;
				CLANG_WARN_DOCUMENTATION_COMMENTS = YES;
				CLANG_WARN_EMPTY_BODY = YES;
				CLANG_WARN_ENUM_CONVERSION = YES;
				CLANG_WARN_INFINITE_RECURSION = YES;
				CLANG_WARN_INT_CONVERSION = YES;
				CLANG_WARN_NON_LITERAL_NULL_CONVERSION = YES;
				CLANG_WARN_OBJC_IMPLICIT_RETAIN_SELF = YES;
				CLANG_WARN_OBJC_LITERAL_CONVERSION = YES;
				CLANG_WARN_OBJC_ROOT_CLASS = YES_ERROR;
				CLANG_WARN_QUOTED_INCLUDE_IN_FRAMEWORK_HEADER = YES;
				CLANG_WARN_RANGE_LOOP_ANALYSIS = YES;
				CLANG_WARN_STRICT_PROTOTYPES = YES;
				CLANG_WARN_SUSPICIOUS_MOVE = YES;
				CLANG_WARN_UNGUARDED_AVAILABILITY = YES_AGGRESSIVE;
				CLANG_WARN_UNREACHABLE_CODE = YES;
				CLANG_WARN__DUPLICATE_METHOD_MATCH = YES;
				COPY_PHASE_STRIP = NO;
				DEBUG_INFORMATION_FORMAT = "dwarf-with-dsym";
				ENABLE_NS_ASSERTIONS = NO;
				ENABLE_STRICT_OBJC_MSGSEND = YES;
				GCC_C_LANGUAGE_STANDARD = gnu11;
				GCC_NO_COMMON_BLOCKS = YES;
				GCC_WARN_64_TO_32_BIT_CONVERSION = YES;
				GCC_WARN_ABOUT_RETURN_TYPE = YES_ERROR;
				GCC_WARN_UNDECLARED_SELECTOR = YES;
				GCC_WARN_UNINITIALIZED_AUTOS = YES_AGGRESSIVE;
				GCC_WARN_UNUSED_FUNCTION = YES;
				GCC_WARN_UNUSED_VARIABLE = YES;
				IPHONEOS_DEPLOYMENT_TARGET = 15.5;
				MTL_ENABLE_DEBUG_INFO = NO;
				MTL_FAST_MATH = YES;
				SDKROOT = iphoneos;
				SWIFT_COMPILATION_MODE = wholemodule;
				SWIFT_OPTIMIZATION_LEVEL = "-O";
				VALIDATE_PRODUCT = YES;
			};
			name = Release;
		};
		84B25473283BBDC300CD542E /* Debug */ = {
			isa = XCBuildConfiguration;
			buildSettings = {
				ALWAYS_EMBED_SWIFT_STANDARD_LIBRARIES = YES;
				ASSETCATALOG_COMPILER_APPICON_NAME = AppIcon;
				ASSETCATALOG_COMPILER_GLOBAL_ACCENT_COLOR_NAME = AccentColor;
				CODE_SIGN_ENTITLEMENTS = LifeProgress/LifeProgress.entitlements;
				CODE_SIGN_STYLE = Automatic;
				CURRENT_PROJECT_VERSION = 1;
				DEVELOPMENT_ASSET_PATHS = "\"LifeProgress/Preview Content\"";
				DEVELOPMENT_TEAM = H86LB2Y5NW;
				ENABLE_PREVIEWS = YES;
				GENERATE_INFOPLIST_FILE = YES;
				INFOPLIST_KEY_UIApplicationSceneManifest_Generation = YES;
				INFOPLIST_KEY_UIApplicationSupportsIndirectInputEvents = YES;
				INFOPLIST_KEY_UILaunchScreen_Generation = YES;
				INFOPLIST_KEY_UISupportedInterfaceOrientations_iPad = "UIInterfaceOrientationPortrait UIInterfaceOrientationPortraitUpsideDown UIInterfaceOrientationLandscapeLeft UIInterfaceOrientationLandscapeRight";
				INFOPLIST_KEY_UISupportedInterfaceOrientations_iPhone = "UIInterfaceOrientationPortrait UIInterfaceOrientationLandscapeLeft UIInterfaceOrientationLandscapeRight";
				LD_RUNPATH_SEARCH_PATHS = (
					"$(inherited)",
					"@executable_path/Frameworks",
				);
				MARKETING_VERSION = 1.0;
				PRODUCT_BUNDLE_IDENTIFIER = io.phaw.LifeProgress;
				PRODUCT_NAME = "$(TARGET_NAME)";
				SWIFT_EMIT_LOC_STRINGS = YES;
				SWIFT_VERSION = 5.0;
				TARGETED_DEVICE_FAMILY = "1,2";
			};
			name = Debug;
		};
		84B25474283BBDC300CD542E /* Release */ = {
			isa = XCBuildConfiguration;
			buildSettings = {
				ALWAYS_EMBED_SWIFT_STANDARD_LIBRARIES = YES;
				ASSETCATALOG_COMPILER_APPICON_NAME = AppIcon;
				ASSETCATALOG_COMPILER_GLOBAL_ACCENT_COLOR_NAME = AccentColor;
				CODE_SIGN_ENTITLEMENTS = LifeProgress/LifeProgress.entitlements;
				CODE_SIGN_STYLE = Automatic;
				CURRENT_PROJECT_VERSION = 1;
				DEVELOPMENT_ASSET_PATHS = "\"LifeProgress/Preview Content\"";
				DEVELOPMENT_TEAM = H86LB2Y5NW;
				ENABLE_PREVIEWS = YES;
				GENERATE_INFOPLIST_FILE = YES;
				INFOPLIST_KEY_UIApplicationSceneManifest_Generation = YES;
				INFOPLIST_KEY_UIApplicationSupportsIndirectInputEvents = YES;
				INFOPLIST_KEY_UILaunchScreen_Generation = YES;
				INFOPLIST_KEY_UISupportedInterfaceOrientations_iPad = "UIInterfaceOrientationPortrait UIInterfaceOrientationPortraitUpsideDown UIInterfaceOrientationLandscapeLeft UIInterfaceOrientationLandscapeRight";
				INFOPLIST_KEY_UISupportedInterfaceOrientations_iPhone = "UIInterfaceOrientationPortrait UIInterfaceOrientationLandscapeLeft UIInterfaceOrientationLandscapeRight";
				LD_RUNPATH_SEARCH_PATHS = (
					"$(inherited)",
					"@executable_path/Frameworks",
				);
				MARKETING_VERSION = 1.0;
				PRODUCT_BUNDLE_IDENTIFIER = io.phaw.LifeProgress;
				PRODUCT_NAME = "$(TARGET_NAME)";
				SWIFT_EMIT_LOC_STRINGS = YES;
				SWIFT_VERSION = 5.0;
				TARGETED_DEVICE_FAMILY = "1,2";
			};
			name = Release;
		};
/* End XCBuildConfiguration section */

/* Begin XCConfigurationList section */
		8499BDB72846520C005A31D5 /* Build configuration list for PBXNativeTarget "LifeProgressWidgetExtension" */ = {
			isa = XCConfigurationList;
			buildConfigurations = (
				8499BDB52846520C005A31D5 /* Debug */,
				8499BDB62846520C005A31D5 /* Release */,
			);
			defaultConfigurationIsVisible = 0;
			defaultConfigurationName = Release;
		};
		84B2545F283BBDC200CD542E /* Build configuration list for PBXProject "LifeProgress" */ = {
			isa = XCConfigurationList;
			buildConfigurations = (
				84B25470283BBDC300CD542E /* Debug */,
				84B25471283BBDC300CD542E /* Release */,
			);
			defaultConfigurationIsVisible = 0;
			defaultConfigurationName = Release;
		};
		84B25472283BBDC300CD542E /* Build configuration list for PBXNativeTarget "LifeProgress" */ = {
			isa = XCConfigurationList;
			buildConfigurations = (
				84B25473283BBDC300CD542E /* Debug */,
				84B25474283BBDC300CD542E /* Release */,
			);
			defaultConfigurationIsVisible = 0;
			defaultConfigurationName = Release;
		};
/* End XCConfigurationList section */

/* Begin XCRemoteSwiftPackageReference section */
		84F502082844686C00FFD597 /* XCRemoteSwiftPackageReference "Defaults" */ = {
			isa = XCRemoteSwiftPackageReference;
			repositoryURL = "https://github.com/sindresorhus/Defaults";
			requirement = {
				branch = main;
				kind = branch;
			};
		};
/* End XCRemoteSwiftPackageReference section */

/* Begin XCSwiftPackageProductDependency section */
		848EEB5D2844A6BA00B5AD78 /* Defaults */ = {
			isa = XCSwiftPackageProductDependency;
			package = 84F502082844686C00FFD597 /* XCRemoteSwiftPackageReference "Defaults" */;
			productName = Defaults;
		};
		8499BDBE28465352005A31D5 /* Defaults */ = {
			isa = XCSwiftPackageProductDependency;
			package = 84F502082844686C00FFD597 /* XCRemoteSwiftPackageReference "Defaults" */;
			productName = Defaults;
		};
		84F502092844686C00FFD597 /* Defaults */ = {
			isa = XCSwiftPackageProductDependency;
			package = 84F502082844686C00FFD597 /* XCRemoteSwiftPackageReference "Defaults" */;
			productName = Defaults;
		};
/* End XCSwiftPackageProductDependency section */
	};
	rootObject = 84B2545C283BBDC200CD542E /* Project object */;
}
